PODS:
  - Alamofire (4.9.1)
  - MJRefresh (3.4.1)
  - SDCycleScrollView (1.80):
    - SDWebImage (>= 5.0.0)
  - SDWebImage (5.7.2):
    - SDWebImage/Core (= 5.7.2)
  - SDWebImage/Core (5.7.2)
  - SnapKit (4.2.0)
  - SVProgressHUD (2.2.5)
  - SwiftyJSON (5.0.0)
  - TYAlertController (1.2.0)

DEPENDENCIES:
  - Alamofire
  - MJRefresh
  - SDCycleScrollView
  - SDWebImage
  - SnapKit
  - SVProgressHUD
  - SwiftyJSON
  - TYAlertController

SPEC REPOS:
  https://github.com/CocoaPods/Specs.git:
    - Alamofire
    - MJRefresh
    - SDCycleScrollView
    - SDWebImage
    - SnapKit
    - SVProgressHUD
    - SwiftyJSON
    - TYAlertController

SPEC CHECKSUMS:
  Alamofire: 85e8a02c69d6020a0d734f6054870d7ecb75cf18
  MJRefresh: 3153c59a363159092c08b2177ec3a7d09f90bfaf
  SDCycleScrollView: b3c9a5ed840c771c4938978174c7c9d9feefeb96
  SDWebImage: d9ea4959d99c52276dfada481987018fcaea3d58
  SnapKit: fe8a619752f3f27075cc9a90244d75c6c3f27e2a
  SVProgressHUD: 1428aafac632c1f86f62aa4243ec12008d7a51d6
  SwiftyJSON: 36413e04c44ee145039d332b4f4e2d3e8d6c4db7
  TYAlertController: c121090edb0bea7426f987da94cdddd81eef4231

PODFILE CHECKSUM: 4f74a60be39b0003f4da1f958438569ec003cc7d

COCOAPODS: 1.8.4
